
Microsoft Visual Studio Solution File, Format Version 12.00
# Visual Studio Version 17
VisualStudioVersion = 17.0.32014.148
MinimumVisualStudioVersion = 10.0.40219.1
Project("{FAE04EC0-301F-11D3-BF4B-00C04F79EFBC}") = "Minesweeper", "Minesweeper\Minesweeper.csproj", "{DFD90503-1A3E-4E6A-A8C7-DB0C2DCCF2FC}"
EndProject
Project("{FAE04EC0-301F-11D3-BF4B-00C04F79EFBC}") = "MinesweeperTest", "MinesweeperTest\MinesweeperTest.csproj", "{2EEF6CAB-5137-4FAB-B2C9-09CB5B3671E8}"
EndProject
Global
	GlobalSection(SolutionConfigurationPlatforms) = preSolution
		Debug|Any CPU = Debug|Any CPU
		Release|Any CPU = Release|Any CPU
	EndGlobalSection
	GlobalSection(ProjectConfigurationPlatforms) = postSolution
		{DFD90503-1A3E-4E6A-A8C7-DB0C2DCCF2FC}.Debug|Any CPU.ActiveCfg = Debug|Any CPU
		{DFD90503-1A3E-4E6A-A8C7-DB0C2DCCF2FC}.Debug|Any CPU.Build.0 = Debug|Any CPU
		{DFD90503-1A3E-4E6A-A8C7-DB0C2DCCF2FC}.Release|Any CPU.ActiveCfg = Release|Any CPU
		{DFD90503-1A3E-4E6A-A8C7-DB0C2DCCF2FC}.Release|Any CPU.Build.0 = Release|Any CPU
		{2EEF6CAB-5137-4FAB-B2C9-09CB5B3671E8}.Debug|Any CPU.ActiveCfg = Debug|Any CPU
		{2EEF6CAB-5137-4FAB-B2C9-09CB5B3671E8}.Debug|Any CPU.Build.0 = Debug|Any CPU
		{2EEF6CAB-5137-4FAB-B2C9-09CB5B3671E8}.Release|Any CPU.ActiveCfg = Release|Any CPU
		{2EEF6CAB-5137-4FAB-B2C9-09CB5B3671E8}.Release|Any CPU.Build.0 = Release|Any CPU
	EndGlobalSection
	GlobalSection(SolutionProperties) = preSolution
		HideSolutionNode = FALSE
	EndGlobalSection
	GlobalSection(ExtensibilityGlobals) = postSolution
		SolutionGuid = {B50ACC6A-D9D9-40BC-8386-EE357FF3E884}
	EndGlobalSection
EndGlobal
